#MicroXplorer Configuration settings - do not modify
ADC1.Channel-0\#ChannelRegularConversion=ADC_CHANNEL_3
ADC1.Channel-1\#ChannelRegularConversion=ADC_CHANNEL_4
ADC1.Channel-2\#ChannelRegularConversion=ADC_CHANNEL_5
ADC1.Channel-3\#ChannelRegularConversion=ADC_CHANNEL_8
ADC1.Channel-4\#ChannelRegularConversion=ADC_CHANNEL_9
ADC1.ClockPrescaler=ADC_CLOCK_SYNC_PCLK_DIV4
ADC1.ContinuousConvMode=ENABLE
ADC1.DMAContinuousRequests=ENABLE
ADC1.IPParameters=Rank-0\#ChannelRegularConversion,master,Channel-0\#ChannelRegularConversion,SamplingTime-0\#ChannelRegularConversion,NbrOfConversionFlag,ClockPrescaler,ScanConvMode,ContinuousConvMode,DMAContinuousRequests,Rank-1\#ChannelRegularConversion,Channel-1\#ChannelRegularConversion,SamplingTime-1\#ChannelRegularConversion,Rank-2\#ChannelRegularConversion,Channel-2\#ChannelRegularConversion,SamplingTime-2\#ChannelRegularConversion,Rank-3\#ChannelRegularConversion,Channel-3\#ChannelRegularConversion,SamplingTime-3\#ChannelRegularConversion,Rank-4\#ChannelRegularConversion,Channel-4\#ChannelRegularConversion,SamplingTime-4\#ChannelRegularConversion,NbrOfConversion
ADC1.NbrOfConversion=5
ADC1.NbrOfConversionFlag=1
ADC1.Rank-0\#ChannelRegularConversion=1
ADC1.Rank-1\#ChannelRegularConversion=2
ADC1.Rank-2\#ChannelRegularConversion=3
ADC1.Rank-3\#ChannelRegularConversion=4
ADC1.Rank-4\#ChannelRegularConversion=5
ADC1.SamplingTime-0\#ChannelRegularConversion=ADC_SAMPLETIME_28CYCLES
ADC1.SamplingTime-1\#ChannelRegularConversion=ADC_SAMPLETIME_28CYCLES
ADC1.SamplingTime-2\#ChannelRegularConversion=ADC_SAMPLETIME_28CYCLES
ADC1.SamplingTime-3\#ChannelRegularConversion=ADC_SAMPLETIME_28CYCLES
ADC1.SamplingTime-4\#ChannelRegularConversion=ADC_SAMPLETIME_28CYCLES
ADC1.ScanConvMode=ENABLE
ADC1.master=1
Dma.ADC1.0.Direction=DMA_PERIPH_TO_MEMORY
Dma.ADC1.0.FIFOMode=DMA_FIFOMODE_DISABLE
Dma.ADC1.0.Instance=DMA2_Stream0
Dma.ADC1.0.MemDataAlignment=DMA_MDATAALIGN_WORD
Dma.ADC1.0.MemInc=DMA_MINC_ENABLE
Dma.ADC1.0.Mode=DMA_CIRCULAR
Dma.ADC1.0.PeriphDataAlignment=DMA_PDATAALIGN_WORD
Dma.ADC1.0.PeriphInc=DMA_PINC_DISABLE
Dma.ADC1.0.Priority=DMA_PRIORITY_VERY_HIGH
Dma.ADC1.0.RequestParameters=Instance,Direction,PeriphInc,MemInc,PeriphDataAlignment,MemDataAlignment,Mode,Priority,FIFOMode
Dma.Request0=ADC1
Dma.RequestsNb=1
File.Version=6
GPIO.groupedBy=Group By Peripherals
I2C1.IPParameters=OwnAddress
I2C1.OwnAddress=0x2A
KeepUserPlacement=false
Mcu.Family=STM32F4
Mcu.IP0=ADC1
Mcu.IP1=DMA
Mcu.IP10=TIM4
Mcu.IP11=TIM6
Mcu.IP12=TIM9
Mcu.IP13=USART1
Mcu.IP14=USART3
Mcu.IP2=I2C1
Mcu.IP3=I2C2
Mcu.IP4=NVIC
Mcu.IP5=RCC
Mcu.IP6=SYS
Mcu.IP7=TIM1
Mcu.IP8=TIM2
Mcu.IP9=TIM3
Mcu.IPNb=15
Mcu.Name=STM32F407Z(E-G)Tx
Mcu.Package=LQFP144
Mcu.Pin0=PE2
Mcu.Pin1=PE5
Mcu.Pin10=PA5
Mcu.Pin11=PA6
Mcu.Pin12=PB0
Mcu.Pin13=PB1
Mcu.Pin14=PF11
Mcu.Pin15=PE7
Mcu.Pin16=PE8
Mcu.Pin17=PE9
Mcu.Pin18=PE11
Mcu.Pin19=PE13
Mcu.Pin2=PE6
Mcu.Pin20=PE14
Mcu.Pin21=PB10
Mcu.Pin22=PB11
Mcu.Pin23=PD9
Mcu.Pin24=PD10
Mcu.Pin25=PD12
Mcu.Pin26=PD13
Mcu.Pin27=PD14
Mcu.Pin28=PD15
Mcu.Pin29=PC6
Mcu.Pin3=PC13-ANTI_TAMP
Mcu.Pin30=PC7
Mcu.Pin31=PC8
Mcu.Pin32=PC9
Mcu.Pin33=PA8
Mcu.Pin34=PA9
Mcu.Pin35=PA10
Mcu.Pin36=PA12
Mcu.Pin37=PA13
Mcu.Pin38=PA14
Mcu.Pin39=PC10
Mcu.Pin4=PF0
Mcu.Pin40=PC11
Mcu.Pin41=PC12
Mcu.Pin42=PB3
Mcu.Pin43=PB4
Mcu.Pin44=PB5
Mcu.Pin45=PB6
Mcu.Pin46=PB7
Mcu.Pin47=PB8
Mcu.Pin48=PB9
Mcu.Pin49=VP_SYS_VS_Systick
Mcu.Pin5=PF1
Mcu.Pin50=VP_TIM1_VS_ClockSourceINT
Mcu.Pin51=VP_TIM2_VS_ClockSourceINT
Mcu.Pin52=VP_TIM3_VS_ClockSourceINT
Mcu.Pin53=VP_TIM4_VS_ClockSourceINT
Mcu.Pin54=VP_TIM6_VS_ClockSourceINT
Mcu.Pin55=VP_TIM9_VS_ClockSourceINT
Mcu.Pin6=PF2
Mcu.Pin7=PA0-WKUP
Mcu.Pin8=PA3
Mcu.Pin9=PA4
Mcu.PinsNb=56
Mcu.ThirdPartyNb=0
Mcu.UserConstants=
Mcu.UserName=STM32F407ZETx
MxCube.Version=6.4.0
MxDb.Version=DB.6.0.40
NVIC.BusFault_IRQn=true\:0\:0\:false\:false\:true\:false\:false
NVIC.DMA2_Stream0_IRQn=true\:0\:0\:false\:false\:true\:false\:true
NVIC.DebugMonitor_IRQn=true\:0\:0\:false\:false\:true\:false\:false
NVIC.ForceEnableDMAVector=true
NVIC.HardFault_IRQn=true\:0\:0\:false\:false\:true\:false\:false
NVIC.I2C1_ER_IRQn=true\:0\:0\:false\:false\:true\:true\:true
NVIC.I2C1_EV_IRQn=true\:0\:0\:false\:false\:true\:true\:true
NVIC.I2C2_ER_IRQn=true\:2\:1\:true\:false\:true\:true\:true
NVIC.I2C2_EV_IRQn=true\:2\:0\:true\:false\:true\:true\:true
NVIC.MemoryManagement_IRQn=true\:0\:0\:false\:false\:true\:false\:false
NVIC.NonMaskableInt_IRQn=true\:0\:0\:false\:false\:true\:false\:false
NVIC.PendSV_IRQn=true\:0\:0\:false\:false\:true\:false\:false
NVIC.PriorityGroup=NVIC_PRIORITYGROUP_3
NVIC.SVCall_IRQn=true\:0\:0\:false\:false\:true\:false\:false
NVIC.SysTick_IRQn=true\:0\:0\:true\:false\:true\:false\:true
NVIC.TIM1_BRK_TIM9_IRQn=true\:1\:0\:true\:false\:true\:true\:true
NVIC.TIM2_IRQn=true\:1\:1\:true\:false\:true\:true\:true
NVIC.TIM3_IRQn=true\:1\:1\:true\:false\:true\:true\:true
NVIC.TIM4_IRQn=true\:1\:1\:true\:false\:true\:true\:true
NVIC.TIM6_DAC_IRQn=true\:1\:0\:true\:false\:true\:true\:true
NVIC.USART1_IRQn=true\:3\:0\:true\:false\:true\:true\:true
NVIC.USART3_IRQn=true\:3\:1\:true\:false\:true\:true\:true
NVIC.UsageFault_IRQn=true\:0\:0\:false\:false\:true\:false\:false
PA0-WKUP.GPIOParameters=GPIO_Label
PA0-WKUP.GPIO_Label=FAN3_PWM
PA0-WKUP.Locked=true
PA0-WKUP.Signal=S_TIM2_CH1_ETR
PA10.GPIOParameters=GPIO_Label
PA10.GPIO_Label=MCU0_USART1_RX
PA10.Locked=true
PA10.Mode=Asynchronous
PA10.Signal=USART1_RX
PA12.GPIOParameters=GPIO_PuPd,GPIO_Label
PA12.GPIO_Label=MOTOR2_DIR
PA12.GPIO_PuPd=GPIO_PULLUP
PA12.Locked=true
PA12.Signal=GPIO_Output
PA13.Mode=Serial_Wire
PA13.Signal=SYS_JTMS-SWDIO
PA14.Mode=Serial_Wire
PA14.Signal=SYS_JTCK-SWCLK
PA3.GPIOParameters=GPIO_Label
PA3.GPIO_Label=TEC_CFB
PA3.Locked=true
PA3.Signal=ADCx_IN3
PA4.GPIOParameters=GPIO_Label
PA4.GPIO_Label=VERTICAL_EN
PA4.Locked=true
PA4.Signal=ADCx_IN4
PA5.GPIOParameters=GPIO_Label
PA5.GPIO_Label=HORIZONTAL_EN
PA5.Locked=true
PA5.Signal=ADCx_IN5
PA6.GPIOParameters=PinState,GPIO_PuPd,GPIO_Label
PA6.GPIO_Label=MOTOR2_RESET
PA6.GPIO_PuPd=GPIO_PULLUP
PA6.Locked=true
PA6.PinState=GPIO_PIN_SET
PA6.Signal=GPIO_Output
PA8.GPIOParameters=PinState,GPIO_PuPd,GPIO_Label
PA8.GPIO_Label=SLEEP0_MOTOR
PA8.GPIO_PuPd=GPIO_PULLUP
PA8.Locked=true
PA8.PinState=GPIO_PIN_SET
PA8.Signal=GPIO_Output
PA9.GPIOParameters=GPIO_Label
PA9.GPIO_Label=MCU0_USART1_TX
PA9.Locked=true
PA9.Mode=Asynchronous
PA9.Signal=USART1_TX
PB0.GPIOParameters=GPIO_Label
PB0.GPIO_Label=ZOOM_EN
PB0.Locked=true
PB0.Signal=ADCx_IN8
PB1.GPIOParameters=GPIO_Label
PB1.GPIO_Label=FOCUS_EN
PB1.Signal=ADCx_IN9
PB10.GPIOParameters=GPIO_Label
PB10.GPIO_Label=MCU0_USART3_TX
PB10.Mode=Asynchronous
PB10.Signal=USART3_TX
PB11.GPIOParameters=GPIO_PuPd,GPIO_Label
PB11.GPIO_Label=MOTOR2_ENABLE
PB11.GPIO_PuPd=GPIO_PULLUP
PB11.Locked=true
PB11.Signal=GPIO_Output
PB3.GPIOParameters=GPIO_Label
PB3.GPIO_Label=FAN4_PWM
PB3.Locked=true
PB3.Signal=S_TIM2_CH2
PB4.GPIOParameters=GPIO_Label
PB4.GPIO_Label=FAN6_PWM
PB4.Locked=true
PB4.Signal=S_TIM3_CH1
PB5.GPIOParameters=GPIO_Label
PB5.GPIO_Label=FAN7_PWM
PB5.Locked=true
PB5.Signal=S_TIM3_CH2
PB6.GPIOParameters=GPIO_Label
PB6.GPIO_Label=MCU0_I2C1_SCL
PB6.Locked=true
PB6.Mode=I2C
PB6.Signal=I2C1_SCL
PB7.GPIOParameters=GPIO_Label
PB7.GPIO_Label=MCU0_I2C1_SDA
PB7.Mode=I2C
PB7.Signal=I2C1_SDA
PB8.GPIOParameters=GPIO_Label
PB8.GPIO_Label=MOTOR2_STEP
PB8.Locked=true
PB8.Signal=S_TIM4_CH3
PB9.GPIOParameters=GPIO_Label
PB9.GPIO_Label=FAN5_PWM
PB9.Locked=true
PB9.Signal=S_TIM4_CH4
PC10.GPIOParameters=GPIO_Label
PC10.GPIO_Label=TEMP0_FAULT
PC10.Locked=true
PC10.Signal=GPIO_Input
PC11.GPIOParameters=GPIO_PuPd,GPIO_Label
PC11.GPIO_Label=FAN1_EN
PC11.GPIO_PuPd=GPIO_PULLUP
PC11.Locked=true
PC11.Signal=GPIO_Output
PC12.GPIOParameters=GPIO_PuPd,GPIO_Label
PC12.GPIO_Label=FAN2_EN
PC12.GPIO_PuPd=GPIO_PULLUP
PC12.Locked=true
PC12.Signal=GPIO_Output
PC13-ANTI_TAMP.GPIOParameters=GPIO_PuPd,GPIO_Label
PC13-ANTI_TAMP.GPIO_Label=FAN3_EN
PC13-ANTI_TAMP.GPIO_PuPd=GPIO_PULLUP
PC13-ANTI_TAMP.Locked=true
PC13-ANTI_TAMP.Signal=GPIO_Output
PC6.GPIOParameters=GPIO_PuPd,GPIO_Label
PC6.GPIO_Label=MOTOR0_AIN1
PC6.GPIO_PuPd=GPIO_PULLUP
PC6.Locked=true
PC6.Signal=GPIO_Output
PC7.GPIOParameters=GPIO_PuPd,GPIO_Label
PC7.GPIO_Label=MOTOR0_AIN2
PC7.GPIO_PuPd=GPIO_PULLUP
PC7.Locked=true
PC7.Signal=GPIO_Output
PC8.GPIOParameters=GPIO_PuPd,GPIO_Label
PC8.GPIO_Label=MOTOR0_BIN1
PC8.GPIO_PuPd=GPIO_PULLUP
PC8.Locked=true
PC8.Signal=GPIO_Output
PC9.GPIOParameters=GPIO_PuPd,GPIO_Label
PC9.GPIO_Label=MOTOR0_BIN2
PC9.GPIO_PuPd=GPIO_PULLUP
PC9.Locked=true
PC9.Signal=GPIO_Output
PD10.GPIOParameters=GPIO_PuPd,GPIO_Label
PD10.GPIO_Label=TEC_EN
PD10.GPIO_PuPd=GPIO_PULLUP
PD10.Locked=true
PD10.Signal=GPIO_Output
PD12.GPIOParameters=GPIO_Label
PD12.GPIO_Label=TEC_PWM
PD12.Locked=true
PD12.Signal=S_TIM4_CH1
PD13.GPIOParameters=GPIO_Label
PD13.GPIO_Label=FAN10_PWM
PD13.Locked=true
PD13.Signal=S_TIM4_CH2
PD14.GPIOParameters=GPIO_Label
PD14.GPIO_Label=PUMP_EN0
PD14.Locked=true
PD14.Signal=GPIO_Input
PD15.GPIOParameters=GPIO_Label
PD15.GPIO_Label=PUMP_EN1
PD15.Locked=true
PD15.Signal=GPIO_Input
PD9.GPIOParameters=GPIO_Label
PD9.GPIO_Label=MCU0_USART3_RX
PD9.Mode=Asynchronous
PD9.Signal=USART3_RX
PE11.GPIOParameters=GPIO_Label
PE11.GPIO_Label=FAN2_PWM
PE11.Locked=true
PE11.Signal=S_TIM1_CH2
PE13.GPIOParameters=GPIO_Label
PE13.GPIO_Label=FAN8_PWM
PE13.Locked=true
PE13.Signal=S_TIM1_CH3
PE14.GPIOParameters=GPIO_Label
PE14.GPIO_Label=FAN9_PWM
PE14.Locked=true
PE14.Signal=S_TIM1_CH4
PE2.GPIOParameters=GPIO_PuPd,GPIO_Label
PE2.GPIO_Label=SOC_IRQ
PE2.GPIO_PuPd=GPIO_PULLUP
PE2.Locked=true
PE2.Signal=GPIO_Output
PE5.GPIOParameters=GPIO_Label
PE5.GPIO_Label=FAN_LOCKD1
PE5.Locked=true
PE5.Signal=S_TIM9_CH1
PE6.GPIOParameters=GPIO_Label
PE6.GPIO_Label=FAN_LOCKD2
PE6.Locked=true
PE6.Signal=S_TIM9_CH2
PE7.GPIOParameters=GPIO_Label
PE7.GPIO_Label=ETH_PHY_IRQ
PE7.Locked=true
PE7.Signal=GPIO_Input
PE8.GPIOParameters=PinState,GPIO_PuPd,GPIO_Label
PE8.GPIO_Label=ETH_PHY_RST
PE8.GPIO_PuPd=GPIO_PULLUP
PE8.Locked=true
PE8.PinState=GPIO_PIN_SET
PE8.Signal=GPIO_Output
PE9.GPIOParameters=GPIO_Label
PE9.GPIO_Label=FAN1_PWM
PE9.Locked=true
PE9.Signal=S_TIM1_CH1
PF0.GPIOParameters=GPIO_Label
PF0.GPIO_Label=TMP_SDA
PF0.Locked=true
PF0.Mode=I2C
PF0.Signal=I2C2_SDA
PF1.GPIOParameters=GPIO_Label
PF1.GPIO_Label=TMP_SCL
PF1.Locked=true
PF1.Mode=I2C
PF1.Signal=I2C2_SCL
PF11.GPIOParameters=GPIO_Label
PF11.GPIO_Label=MCU0_IRQ
PF11.Locked=true
PF11.Signal=GPIO_Input
PF2.GPIOParameters=PinState,GPIO_PuPd,GPIO_Label
PF2.GPIO_Label=MCU_FAN_IRQ
PF2.GPIO_PuPd=GPIO_PULLUP
PF2.Locked=true
PF2.PinState=GPIO_PIN_SET
PF2.Signal=GPIO_Output
PinOutPanel.RotationAngle=0
ProjectManager.AskForMigrate=true
ProjectManager.BackupPrevious=false
ProjectManager.CompilerOptimize=6
ProjectManager.ComputerToolchain=false
ProjectManager.CoupleFile=true
ProjectManager.CustomerFirmwarePackage=
ProjectManager.DefaultFWLocation=true
ProjectManager.DeletePrevious=true
ProjectManager.DeviceId=STM32F407ZETx
ProjectManager.FirmwarePackage=STM32Cube FW_F4 V1.26.2
ProjectManager.FreePins=false
ProjectManager.HalAssertFull=false
ProjectManager.HeapSize=0x1000
ProjectManager.KeepUserCode=true
ProjectManager.LastFirmware=true
ProjectManager.LibraryCopy=0
ProjectManager.MainLocation=Core/Src
ProjectManager.NoMain=false
ProjectManager.PreviousToolchain=
ProjectManager.ProjectBuild=false
ProjectManager.ProjectFileName=Simu_STM32F407_UDP_FAN_Temp.ioc
ProjectManager.ProjectName=Simu_STM32F407_UDP_FAN_Temp
ProjectManager.RegisterCallBack=
ProjectManager.StackSize=0x400
ProjectManager.TargetToolchain=MDK-ARM V5.27
ProjectManager.ToolChainLocation=
ProjectManager.UnderRoot=false
ProjectManager.functionlistsort=1-MX_GPIO_Init-GPIO-false-HAL-true,2-SystemClock_Config-RCC-false-HAL-false,3-MX_ADC1_Init-ADC1-false-HAL-true,4-MX_I2C1_Init-I2C1-false-HAL-true,5-MX_I2C2_Init-I2C2-false-HAL-true,6-MX_TIM1_Init-TIM1-false-HAL-true,7-MX_TIM4_Init-TIM4-false-HAL-true,8-MX_TIM9_Init-TIM9-false-HAL-true,9-MX_USART1_UART_Init-USART1-false-HAL-true,10-MX_USART3_UART_Init-USART3-false-HAL-true,11-MX_TIM3_Init-TIM3-false-HAL-true,12-MX_TIM2_Init-TIM2-false-HAL-true,13-MX_DMA_Init-DMA-false-HAL-true,14-MX_TIM6_Init-TIM6-false-HAL-true
RCC.48MHZClocksFreq_Value=42000000
RCC.AHBCLKDivider=RCC_SYSCLK_DIV2
RCC.AHBFreq_Value=42000000
RCC.APB1Freq_Value=42000000
RCC.APB1TimFreq_Value=42000000
RCC.APB2Freq_Value=42000000
RCC.APB2TimFreq_Value=42000000
RCC.CortexFreq_Value=42000000
RCC.EthernetFreq_Value=84000000
RCC.FCLKCortexFreq_Value=42000000
RCC.FamilyName=M
RCC.HCLKFreq_Value=42000000
RCC.HSE_VALUE=25000000
RCC.HSI_VALUE=16000000
RCC.I2SClocksFreq_Value=96000000
RCC.IPParameters=48MHZClocksFreq_Value,AHBCLKDivider,AHBFreq_Value,APB1Freq_Value,APB1TimFreq_Value,APB2Freq_Value,APB2TimFreq_Value,CortexFreq_Value,EthernetFreq_Value,FCLKCortexFreq_Value,FamilyName,HCLKFreq_Value,HSE_VALUE,HSI_VALUE,I2SClocksFreq_Value,LSE_VALUE,LSI_VALUE,MCO2PinFreq_Value,PLLCLKFreq_Value,PLLN,PLLQCLKFreq_Value,RTCFreq_Value,RTCHSEDivFreq_Value,SYSCLKFreq_VALUE,SYSCLKSource,VCOI2SOutputFreq_Value,VCOInputFreq_Value,VCOOutputFreq_Value,VcooutputI2S
RCC.LSE_VALUE=32768
RCC.LSI_VALUE=32000
RCC.MCO2PinFreq_Value=84000000
RCC.PLLCLKFreq_Value=84000000
RCC.PLLN=168
RCC.PLLQCLKFreq_Value=42000000
RCC.RTCFreq_Value=32000
RCC.RTCHSEDivFreq_Value=12500000
RCC.SYSCLKFreq_VALUE=84000000
RCC.SYSCLKSource=RCC_SYSCLKSOURCE_PLLCLK
RCC.VCOI2SOutputFreq_Value=192000000
RCC.VCOInputFreq_Value=1000000
RCC.VCOOutputFreq_Value=168000000
RCC.VcooutputI2S=96000000
SH.ADCx_IN3.0=ADC1_IN3,IN3
SH.ADCx_IN3.ConfNb=1
SH.ADCx_IN4.0=ADC1_IN4,IN4
SH.ADCx_IN4.ConfNb=1
SH.ADCx_IN5.0=ADC1_IN5,IN5
SH.ADCx_IN5.ConfNb=1
SH.ADCx_IN8.0=ADC1_IN8,IN8
SH.ADCx_IN8.ConfNb=1
SH.ADCx_IN9.0=ADC1_IN9,IN9
SH.ADCx_IN9.ConfNb=1
SH.S_TIM1_CH1.0=TIM1_CH1,PWM Generation1 CH1
SH.S_TIM1_CH1.ConfNb=1
SH.S_TIM1_CH2.0=TIM1_CH2,PWM Generation2 CH2
SH.S_TIM1_CH2.ConfNb=1
SH.S_TIM1_CH3.0=TIM1_CH3,PWM Generation3 CH3
SH.S_TIM1_CH3.ConfNb=1
SH.S_TIM1_CH4.0=TIM1_CH4,PWM Generation4 CH4
SH.S_TIM1_CH4.ConfNb=1
SH.S_TIM2_CH1_ETR.0=TIM2_CH1,PWM Generation1 CH1
SH.S_TIM2_CH1_ETR.ConfNb=1
SH.S_TIM2_CH2.0=TIM2_CH2,PWM Generation2 CH2
SH.S_TIM2_CH2.ConfNb=1
SH.S_TIM3_CH1.0=TIM3_CH1,PWM Generation1 CH1
SH.S_TIM3_CH1.ConfNb=1
SH.S_TIM3_CH2.0=TIM3_CH2,PWM Generation2 CH2
SH.S_TIM3_CH2.ConfNb=1
SH.S_TIM4_CH1.0=TIM4_CH1,PWM Generation1 CH1
SH.S_TIM4_CH1.ConfNb=1
SH.S_TIM4_CH2.0=TIM4_CH2,PWM Generation2 CH2
SH.S_TIM4_CH2.ConfNb=1
SH.S_TIM4_CH3.0=TIM4_CH3,PWM Generation3 CH3
SH.S_TIM4_CH3.ConfNb=1
SH.S_TIM4_CH4.0=TIM4_CH4,PWM Generation4 CH4
SH.S_TIM4_CH4.ConfNb=1
SH.S_TIM9_CH1.0=TIM9_CH1,Input_Capture1_from_TI1
SH.S_TIM9_CH1.ConfNb=1
SH.S_TIM9_CH2.0=TIM9_CH2,Input_Capture2_from_TI2
SH.S_TIM9_CH2.ConfNb=1
TIM1.AutoReloadPreload=TIM_AUTORELOAD_PRELOAD_ENABLE
TIM1.Channel-PWM\ Generation1\ CH1=TIM_CHANNEL_1
TIM1.Channel-PWM\ Generation2\ CH2=TIM_CHANNEL_2
TIM1.Channel-PWM\ Generation3\ CH3=TIM_CHANNEL_3
TIM1.Channel-PWM\ Generation4\ CH4=TIM_CHANNEL_4
TIM1.IPParameters=Channel-PWM Generation4 CH4,Channel-PWM Generation3 CH3,Channel-PWM Generation1 CH1,Channel-PWM Generation2 CH2,Prescaler,Period,AutoReloadPreload,OC1Preload_PWM,OCFastMode_PWM-PWM Generation1 CH1,OC2Preload_PWM,OCFastMode_PWM-PWM Generation2 CH2,OC3Preload_PWM,OCFastMode_PWM-PWM Generation3 CH3,OC4Preload_PWM,OCFastMode_PWM-PWM Generation4 CH4
TIM1.OC1Preload_PWM=DISABLE
TIM1.OC2Preload_PWM=DISABLE
TIM1.OC3Preload_PWM=DISABLE
TIM1.OC4Preload_PWM=DISABLE
TIM1.OCFastMode_PWM-PWM\ Generation1\ CH1=TIM_OCFAST_ENABLE
TIM1.OCFastMode_PWM-PWM\ Generation2\ CH2=TIM_OCFAST_ENABLE
TIM1.OCFastMode_PWM-PWM\ Generation3\ CH3=TIM_OCFAST_ENABLE
TIM1.OCFastMode_PWM-PWM\ Generation4\ CH4=TIM_OCFAST_ENABLE
TIM1.Period=1000-1
TIM1.Prescaler=84-1
TIM2.AutoReloadPreload=TIM_AUTORELOAD_PRELOAD_ENABLE
TIM2.Channel-PWM\ Generation1\ CH1=TIM_CHANNEL_1
TIM2.Channel-PWM\ Generation2\ CH2=TIM_CHANNEL_2
TIM2.IPParameters=Channel-PWM Generation1 CH1,Channel-PWM Generation2 CH2,Prescaler,Period,AutoReloadPreload,OC1Preload_PWM,OCFastMode_PWM-PWM Generation1 CH1,OC2Preload_PWM,OCFastMode_PWM-PWM Generation2 CH2
TIM2.OC1Preload_PWM=DISABLE
TIM2.OC2Preload_PWM=DISABLE
TIM2.OCFastMode_PWM-PWM\ Generation1\ CH1=TIM_OCFAST_ENABLE
TIM2.OCFastMode_PWM-PWM\ Generation2\ CH2=TIM_OCFAST_ENABLE
TIM2.Period=1000-1
TIM2.Prescaler=42-1
TIM3.AutoReloadPreload=TIM_AUTORELOAD_PRELOAD_ENABLE
TIM3.Channel-PWM\ Generation1\ CH1=TIM_CHANNEL_1
TIM3.Channel-PWM\ Generation2\ CH2=TIM_CHANNEL_2
TIM3.IPParameters=Channel-PWM Generation1 CH1,Channel-PWM Generation2 CH2,Prescaler,Period,AutoReloadPreload,OC1Preload_PWM,OCFastMode_PWM-PWM Generation1 CH1,OC2Preload_PWM,OCFastMode_PWM-PWM Generation2 CH2
TIM3.OC1Preload_PWM=DISABLE
TIM3.OC2Preload_PWM=DISABLE
TIM3.OCFastMode_PWM-PWM\ Generation1\ CH1=TIM_OCFAST_ENABLE
TIM3.OCFastMode_PWM-PWM\ Generation2\ CH2=TIM_OCFAST_ENABLE
TIM3.Period=1000-1
TIM3.Prescaler=42-1
TIM4.AutoReloadPreload=TIM_AUTORELOAD_PRELOAD_ENABLE
TIM4.Channel-PWM\ Generation1\ CH1=TIM_CHANNEL_1
TIM4.Channel-PWM\ Generation2\ CH2=TIM_CHANNEL_2
TIM4.Channel-PWM\ Generation3\ CH3=TIM_CHANNEL_3
TIM4.Channel-PWM\ Generation4\ CH4=TIM_CHANNEL_4
TIM4.IPParameters=Channel-PWM Generation1 CH1,Channel-PWM Generation4 CH4,Channel-PWM Generation2 CH2,Channel-PWM Generation3 CH3,Prescaler,Period,AutoReloadPreload,OC1Preload_PWM,OCFastMode_PWM-PWM Generation1 CH1,OC2Preload_PWM,OCFastMode_PWM-PWM Generation2 CH2,OC3Preload_PWM,OCFastMode_PWM-PWM Generation3 CH3,OC4Preload_PWM,OCFastMode_PWM-PWM Generation4 CH4
TIM4.OC1Preload_PWM=DISABLE
TIM4.OC2Preload_PWM=DISABLE
TIM4.OC3Preload_PWM=DISABLE
TIM4.OC4Preload_PWM=DISABLE
TIM4.OCFastMode_PWM-PWM\ Generation1\ CH1=TIM_OCFAST_ENABLE
TIM4.OCFastMode_PWM-PWM\ Generation2\ CH2=TIM_OCFAST_ENABLE
TIM4.OCFastMode_PWM-PWM\ Generation3\ CH3=TIM_OCFAST_ENABLE
TIM4.OCFastMode_PWM-PWM\ Generation4\ CH4=TIM_OCFAST_ENABLE
TIM4.Period=1000-1
TIM4.Prescaler=42-1
TIM6.AutoReloadPreload=TIM_AUTORELOAD_PRELOAD_ENABLE
TIM6.IPParameters=Prescaler,Period,AutoReloadPreload
TIM6.Period=500-1
TIM6.Prescaler=42000-1
TIM9.AutoReloadPreload=TIM_AUTORELOAD_PRELOAD_ENABLE
TIM9.Channel-Input_Capture1_from_TI1=TIM_CHANNEL_1
TIM9.Channel-Input_Capture2_from_TI2=TIM_CHANNEL_2
TIM9.ICFilter_CH1=1
TIM9.ICFilter_CH2=1
TIM9.IPParameters=Channel-Input_Capture1_from_TI1,Channel-Input_Capture2_from_TI2,Prescaler,Period,AutoReloadPreload,ICFilter_CH1,ICFilter_CH2
TIM9.Period=1000-1
TIM9.Prescaler=42-1
USART1.BaudRate=9600
USART1.IPParameters=VirtualMode,BaudRate
USART1.VirtualMode=VM_ASYNC
USART3.BaudRate=9600
USART3.IPParameters=VirtualMode,BaudRate
USART3.VirtualMode=VM_ASYNC
VP_SYS_VS_Systick.Mode=SysTick
VP_SYS_VS_Systick.Signal=SYS_VS_Systick
VP_TIM1_VS_ClockSourceINT.Mode=Internal
VP_TIM1_VS_ClockSourceINT.Signal=TIM1_VS_ClockSourceINT
VP_TIM2_VS_ClockSourceINT.Mode=Internal
VP_TIM2_VS_ClockSourceINT.Signal=TIM2_VS_ClockSourceINT
VP_TIM3_VS_ClockSourceINT.Mode=Internal
VP_TIM3_VS_ClockSourceINT.Signal=TIM3_VS_ClockSourceINT
VP_TIM4_VS_ClockSourceINT.Mode=Internal
VP_TIM4_VS_ClockSourceINT.Signal=TIM4_VS_ClockSourceINT
VP_TIM6_VS_ClockSourceINT.Mode=Enable_Timer
VP_TIM6_VS_ClockSourceINT.Signal=TIM6_VS_ClockSourceINT
VP_TIM9_VS_ClockSourceINT.Mode=Internal
VP_TIM9_VS_ClockSourceINT.Signal=TIM9_VS_ClockSourceINT
board=custom
